
Microsoft Visual Studio Solution File, Format Version 12.00
# Visual Studio Version 17
VisualStudioVersion = 17.14.36603.0 d17.14
MinimumVisualStudioVersion = 10.0.40219.1
Project("{FAE04EC0-301F-11D3-BF4B-00C04F79EFBC}") = "GeneracionInterfazXML", "GeneracionInterfazXML\GeneracionInterfazXML.csproj", "{373B2E6D-4466-476B-BF11-3BEE9DB37CED}"
EndProject
Global
	GlobalSection(SolutionConfigurationPlatforms) = preSolution
		Debug|Any CPU = Debug|Any CPU
		Release|Any CPU = Release|Any CPU
	EndGlobalSection
	GlobalSection(ProjectConfigurationPlatforms) = postSolution
		{373B2E6D-4466-476B-BF11-3BEE9DB37CED}.Debug|Any CPU.ActiveCfg = Debug|Any CPU
		{373B2E6D-4466-476B-BF11-3BEE9DB37CED}.Debug|Any CPU.Build.0 = Debug|Any CPU
		{373B2E6D-4466-476B-BF11-3BEE9DB37CED}.Release|Any CPU.ActiveCfg = Release|Any CPU
		{373B2E6D-4466-476B-BF11-3BEE9DB37CED}.Release|Any CPU.Build.0 = Release|Any CPU
	EndGlobalSection
	GlobalSection(SolutionProperties) = preSolution
		HideSolutionNode = FALSE
	EndGlobalSection
	GlobalSection(ExtensibilityGlobals) = postSolution
		SolutionGuid = {D1684553-AFD3-4FB4-97C5-03C5FBD5C76D}
	EndGlobalSection
EndGlobal
